
Microsoft Visual Studio Solution File, Format Version 12.00
# Visual Studio Version 17
VisualStudioVersion = 17.0.31903.59
MinimumVisualStudioVersion = 10.0.40219.1
Project("{FAE04EC0-301F-11D3-BF4B-00C04F79EFBC}") = "CollectionTestApp", "CollectionTestApp\CollectionTestApp.csproj", "{FF157245-397A-4A82-832B-33A2FAA6CC2C}"
EndProject
Project("{FAE04EC0-301F-11D3-BF4B-00C04F79EFBC}") = "Entities", "Entities\Entities.csproj", "{75775868-B94E-4B6E-85E3-7F29DC943B67}"
EndProject
Project("{FAE04EC0-301F-11D3-BF4B-00C04F79EFBC}") = "Services", "Services\Services.csproj", "{CA5CA3D7-FEFD-4EAC-BF27-4C28E0173BD8}"
EndProject
Project("{FAE04EC0-301F-11D3-BF4B-00C04F79EFBC}") = "Controllers", "Controllers\Controllers.csproj", "{C3C7DAF0-D551-408A-ACEA-20F66880ADB1}"
EndProject
Global
	GlobalSection(SolutionConfigurationPlatforms) = preSolution
		Debug|Any CPU = Debug|Any CPU
		Debug|x64 = Debug|x64
		Debug|x86 = Debug|x86
		Release|Any CPU = Release|Any CPU
		Release|x64 = Release|x64
		Release|x86 = Release|x86
	EndGlobalSection
	GlobalSection(ProjectConfigurationPlatforms) = postSolution
		{FF157245-397A-4A82-832B-33A2FAA6CC2C}.Debug|Any CPU.ActiveCfg = Debug|Any CPU
		{FF157245-397A-4A82-832B-33A2FAA6CC2C}.Debug|Any CPU.Build.0 = Debug|Any CPU
		{FF157245-397A-4A82-832B-33A2FAA6CC2C}.Debug|x64.ActiveCfg = Debug|Any CPU
		{FF157245-397A-4A82-832B-33A2FAA6CC2C}.Debug|x64.Build.0 = Debug|Any CPU
		{FF157245-397A-4A82-832B-33A2FAA6CC2C}.Debug|x86.ActiveCfg = Debug|Any CPU
		{FF157245-397A-4A82-832B-33A2FAA6CC2C}.Debug|x86.Build.0 = Debug|Any CPU
		{FF157245-397A-4A82-832B-33A2FAA6CC2C}.Release|Any CPU.ActiveCfg = Release|Any CPU
		{FF157245-397A-4A82-832B-33A2FAA6CC2C}.Release|Any CPU.Build.0 = Release|Any CPU
		{FF157245-397A-4A82-832B-33A2FAA6CC2C}.Release|x64.ActiveCfg = Release|Any CPU
		{FF157245-397A-4A82-832B-33A2FAA6CC2C}.Release|x64.Build.0 = Release|Any CPU
		{FF157245-397A-4A82-832B-33A2FAA6CC2C}.Release|x86.ActiveCfg = Release|Any CPU
		{FF157245-397A-4A82-832B-33A2FAA6CC2C}.Release|x86.Build.0 = Release|Any CPU
		{75775868-B94E-4B6E-85E3-7F29DC943B67}.Debug|Any CPU.ActiveCfg = Debug|Any CPU
		{75775868-B94E-4B6E-85E3-7F29DC943B67}.Debug|Any CPU.Build.0 = Debug|Any CPU
		{75775868-B94E-4B6E-85E3-7F29DC943B67}.Debug|x64.ActiveCfg = Debug|Any CPU
		{75775868-B94E-4B6E-85E3-7F29DC943B67}.Debug|x64.Build.0 = Debug|Any CPU
		{75775868-B94E-4B6E-85E3-7F29DC943B67}.Debug|x86.ActiveCfg = Debug|Any CPU
		{75775868-B94E-4B6E-85E3-7F29DC943B67}.Debug|x86.Build.0 = Debug|Any CPU
		{75775868-B94E-4B6E-85E3-7F29DC943B67}.Release|Any CPU.ActiveCfg = Release|Any CPU
		{75775868-B94E-4B6E-85E3-7F29DC943B67}.Release|Any CPU.Build.0 = Release|Any CPU
		{75775868-B94E-4B6E-85E3-7F29DC943B67}.Release|x64.ActiveCfg = Release|Any CPU
		{75775868-B94E-4B6E-85E3-7F29DC943B67}.Release|x64.Build.0 = Release|Any CPU
		{75775868-B94E-4B6E-85E3-7F29DC943B67}.Release|x86.ActiveCfg = Release|Any CPU
		{75775868-B94E-4B6E-85E3-7F29DC943B67}.Release|x86.Build.0 = Release|Any CPU
		{CA5CA3D7-FEFD-4EAC-BF27-4C28E0173BD8}.Debug|Any CPU.ActiveCfg = Debug|Any CPU
		{CA5CA3D7-FEFD-4EAC-BF27-4C28E0173BD8}.Debug|Any CPU.Build.0 = Debug|Any CPU
		{CA5CA3D7-FEFD-4EAC-BF27-4C28E0173BD8}.Debug|x64.ActiveCfg = Debug|Any CPU
		{CA5CA3D7-FEFD-4EAC-BF27-4C28E0173BD8}.Debug|x64.Build.0 = Debug|Any CPU
		{CA5CA3D7-FEFD-4EAC-BF27-4C28E0173BD8}.Debug|x86.ActiveCfg = Debug|Any CPU
		{CA5CA3D7-FEFD-4EAC-BF27-4C28E0173BD8}.Debug|x86.Build.0 = Debug|Any CPU
		{CA5CA3D7-FEFD-4EAC-BF27-4C28E0173BD8}.Release|Any CPU.ActiveCfg = Release|Any CPU
		{CA5CA3D7-FEFD-4EAC-BF27-4C28E0173BD8}.Release|Any CPU.Build.0 = Release|Any CPU
		{CA5CA3D7-FEFD-4EAC-BF27-4C28E0173BD8}.Release|x64.ActiveCfg = Release|Any CPU
		{CA5CA3D7-FEFD-4EAC-BF27-4C28E0173BD8}.Release|x64.Build.0 = Release|Any CPU
		{CA5CA3D7-FEFD-4EAC-BF27-4C28E0173BD8}.Release|x86.ActiveCfg = Release|Any CPU
		{CA5CA3D7-FEFD-4EAC-BF27-4C28E0173BD8}.Release|x86.Build.0 = Release|Any CPU
		{C3C7DAF0-D551-408A-ACEA-20F66880ADB1}.Debug|Any CPU.ActiveCfg = Debug|Any CPU
		{C3C7DAF0-D551-408A-ACEA-20F66880ADB1}.Debug|Any CPU.Build.0 = Debug|Any CPU
		{C3C7DAF0-D551-408A-ACEA-20F66880ADB1}.Debug|x64.ActiveCfg = Debug|Any CPU
		{C3C7DAF0-D551-408A-ACEA-20F66880ADB1}.Debug|x64.Build.0 = Debug|Any CPU
		{C3C7DAF0-D551-408A-ACEA-20F66880ADB1}.Debug|x86.ActiveCfg = Debug|Any CPU
		{C3C7DAF0-D551-408A-ACEA-20F66880ADB1}.Debug|x86.Build.0 = Debug|Any CPU
		{C3C7DAF0-D551-408A-ACEA-20F66880ADB1}.Release|Any CPU.ActiveCfg = Release|Any CPU
		{C3C7DAF0-D551-408A-ACEA-20F66880ADB1}.Release|Any CPU.Build.0 = Release|Any CPU
		{C3C7DAF0-D551-408A-ACEA-20F66880ADB1}.Release|x64.ActiveCfg = Release|Any CPU
		{C3C7DAF0-D551-408A-ACEA-20F66880ADB1}.Release|x64.Build.0 = Release|Any CPU
		{C3C7DAF0-D551-408A-ACEA-20F66880ADB1}.Release|x86.ActiveCfg = Release|Any CPU
		{C3C7DAF0-D551-408A-ACEA-20F66880ADB1}.Release|x86.Build.0 = Release|Any CPU
	EndGlobalSection
	GlobalSection(SolutionProperties) = preSolution
		HideSolutionNode = FALSE
	EndGlobalSection
EndGlobal
