
Microsoft Visual Studio Solution File, Format Version 12.00
# Visual Studio Version 17
VisualStudioVersion = 17.0.31903.59
MinimumVisualStudioVersion = 10.0.40219.1
Project("{FAE04EC0-301F-11D3-BF4B-00C04F79EFBC}") = "Repositories", "Repositories\Repositories.csproj", "{C235A09C-36D7-4372-A71C-575619E79C00}"
EndProject
Project("{FAE04EC0-301F-11D3-BF4B-00C04F79EFBC}") = "Entities", "Entities\Entities.csproj", "{0E0642ED-19F0-47A0-B5F3-C980A0A07474}"
EndProject
Project("{FAE04EC0-301F-11D3-BF4B-00C04F79EFBC}") = "Services", "Services\Services.csproj", "{C1EED4F3-104D-46F3-93B0-E6F5C3974F09}"
EndProject
Project("{FAE04EC0-301F-11D3-BF4B-00C04F79EFBC}") = "OrdersWebAPI", "OrdersWebAPI\OrdersWebAPI.csproj", "{65B6A75B-FA58-4C8D-8EEE-195B461ABC7D}"
EndProject
Project("{FAE04EC0-301F-11D3-BF4B-00C04F79EFBC}") = "ProductWebAPI", "ProductWebAPI\ProductWebAPI.csproj", "{CB454AB0-8E73-4FC4-8FED-8E0F75D84EAD}"
EndProject
Project("{FAE04EC0-301F-11D3-BF4B-00C04F79EFBC}") = "UsersWebAPI", "UsersWebAPI\UsersWebAPI.csproj", "{DC9E4B8D-F69D-43F5-A2E6-F115341F88D9}"
EndProject
Global
	GlobalSection(SolutionConfigurationPlatforms) = preSolution
		Debug|Any CPU = Debug|Any CPU
		Debug|x64 = Debug|x64
		Debug|x86 = Debug|x86
		Release|Any CPU = Release|Any CPU
		Release|x64 = Release|x64
		Release|x86 = Release|x86
	EndGlobalSection
	GlobalSection(ProjectConfigurationPlatforms) = postSolution
		{C235A09C-36D7-4372-A71C-575619E79C00}.Debug|Any CPU.ActiveCfg = Debug|Any CPU
		{C235A09C-36D7-4372-A71C-575619E79C00}.Debug|Any CPU.Build.0 = Debug|Any CPU
		{C235A09C-36D7-4372-A71C-575619E79C00}.Debug|x64.ActiveCfg = Debug|Any CPU
		{C235A09C-36D7-4372-A71C-575619E79C00}.Debug|x64.Build.0 = Debug|Any CPU
		{C235A09C-36D7-4372-A71C-575619E79C00}.Debug|x86.ActiveCfg = Debug|Any CPU
		{C235A09C-36D7-4372-A71C-575619E79C00}.Debug|x86.Build.0 = Debug|Any CPU
		{C235A09C-36D7-4372-A71C-575619E79C00}.Release|Any CPU.ActiveCfg = Release|Any CPU
		{C235A09C-36D7-4372-A71C-575619E79C00}.Release|Any CPU.Build.0 = Release|Any CPU
		{C235A09C-36D7-4372-A71C-575619E79C00}.Release|x64.ActiveCfg = Release|Any CPU
		{C235A09C-36D7-4372-A71C-575619E79C00}.Release|x64.Build.0 = Release|Any CPU
		{C235A09C-36D7-4372-A71C-575619E79C00}.Release|x86.ActiveCfg = Release|Any CPU
		{C235A09C-36D7-4372-A71C-575619E79C00}.Release|x86.Build.0 = Release|Any CPU
		{0E0642ED-19F0-47A0-B5F3-C980A0A07474}.Debug|Any CPU.ActiveCfg = Debug|Any CPU
		{0E0642ED-19F0-47A0-B5F3-C980A0A07474}.Debug|Any CPU.Build.0 = Debug|Any CPU
		{0E0642ED-19F0-47A0-B5F3-C980A0A07474}.Debug|x64.ActiveCfg = Debug|Any CPU
		{0E0642ED-19F0-47A0-B5F3-C980A0A07474}.Debug|x64.Build.0 = Debug|Any CPU
		{0E0642ED-19F0-47A0-B5F3-C980A0A07474}.Debug|x86.ActiveCfg = Debug|Any CPU
		{0E0642ED-19F0-47A0-B5F3-C980A0A07474}.Debug|x86.Build.0 = Debug|Any CPU
		{0E0642ED-19F0-47A0-B5F3-C980A0A07474}.Release|Any CPU.ActiveCfg = Release|Any CPU
		{0E0642ED-19F0-47A0-B5F3-C980A0A07474}.Release|Any CPU.Build.0 = Release|Any CPU
		{0E0642ED-19F0-47A0-B5F3-C980A0A07474}.Release|x64.ActiveCfg = Release|Any CPU
		{0E0642ED-19F0-47A0-B5F3-C980A0A07474}.Release|x64.Build.0 = Release|Any CPU
		{0E0642ED-19F0-47A0-B5F3-C980A0A07474}.Release|x86.ActiveCfg = Release|Any CPU
		{0E0642ED-19F0-47A0-B5F3-C980A0A07474}.Release|x86.Build.0 = Release|Any CPU
		{C1EED4F3-104D-46F3-93B0-E6F5C3974F09}.Debug|Any CPU.ActiveCfg = Debug|Any CPU
		{C1EED4F3-104D-46F3-93B0-E6F5C3974F09}.Debug|Any CPU.Build.0 = Debug|Any CPU
		{C1EED4F3-104D-46F3-93B0-E6F5C3974F09}.Debug|x64.ActiveCfg = Debug|Any CPU
		{C1EED4F3-104D-46F3-93B0-E6F5C3974F09}.Debug|x64.Build.0 = Debug|Any CPU
		{C1EED4F3-104D-46F3-93B0-E6F5C3974F09}.Debug|x86.ActiveCfg = Debug|Any CPU
		{C1EED4F3-104D-46F3-93B0-E6F5C3974F09}.Debug|x86.Build.0 = Debug|Any CPU
		{C1EED4F3-104D-46F3-93B0-E6F5C3974F09}.Release|Any CPU.ActiveCfg = Release|Any CPU
		{C1EED4F3-104D-46F3-93B0-E6F5C3974F09}.Release|Any CPU.Build.0 = Release|Any CPU
		{C1EED4F3-104D-46F3-93B0-E6F5C3974F09}.Release|x64.ActiveCfg = Release|Any CPU
		{C1EED4F3-104D-46F3-93B0-E6F5C3974F09}.Release|x64.Build.0 = Release|Any CPU
		{C1EED4F3-104D-46F3-93B0-E6F5C3974F09}.Release|x86.ActiveCfg = Release|Any CPU
		{C1EED4F3-104D-46F3-93B0-E6F5C3974F09}.Release|x86.Build.0 = Release|Any CPU
		{65B6A75B-FA58-4C8D-8EEE-195B461ABC7D}.Debug|Any CPU.ActiveCfg = Debug|Any CPU
		{65B6A75B-FA58-4C8D-8EEE-195B461ABC7D}.Debug|Any CPU.Build.0 = Debug|Any CPU
		{65B6A75B-FA58-4C8D-8EEE-195B461ABC7D}.Debug|x64.ActiveCfg = Debug|Any CPU
		{65B6A75B-FA58-4C8D-8EEE-195B461ABC7D}.Debug|x64.Build.0 = Debug|Any CPU
		{65B6A75B-FA58-4C8D-8EEE-195B461ABC7D}.Debug|x86.ActiveCfg = Debug|Any CPU
		{65B6A75B-FA58-4C8D-8EEE-195B461ABC7D}.Debug|x86.Build.0 = Debug|Any CPU
		{65B6A75B-FA58-4C8D-8EEE-195B461ABC7D}.Release|Any CPU.ActiveCfg = Release|Any CPU
		{65B6A75B-FA58-4C8D-8EEE-195B461ABC7D}.Release|Any CPU.Build.0 = Release|Any CPU
		{65B6A75B-FA58-4C8D-8EEE-195B461ABC7D}.Release|x64.ActiveCfg = Release|Any CPU
		{65B6A75B-FA58-4C8D-8EEE-195B461ABC7D}.Release|x64.Build.0 = Release|Any CPU
		{65B6A75B-FA58-4C8D-8EEE-195B461ABC7D}.Release|x86.ActiveCfg = Release|Any CPU
		{65B6A75B-FA58-4C8D-8EEE-195B461ABC7D}.Release|x86.Build.0 = Release|Any CPU
		{CB454AB0-8E73-4FC4-8FED-8E0F75D84EAD}.Debug|Any CPU.ActiveCfg = Debug|Any CPU
		{CB454AB0-8E73-4FC4-8FED-8E0F75D84EAD}.Debug|Any CPU.Build.0 = Debug|Any CPU
		{CB454AB0-8E73-4FC4-8FED-8E0F75D84EAD}.Debug|x64.ActiveCfg = Debug|Any CPU
		{CB454AB0-8E73-4FC4-8FED-8E0F75D84EAD}.Debug|x64.Build.0 = Debug|Any CPU
		{CB454AB0-8E73-4FC4-8FED-8E0F75D84EAD}.Debug|x86.ActiveCfg = Debug|Any CPU
		{CB454AB0-8E73-4FC4-8FED-8E0F75D84EAD}.Debug|x86.Build.0 = Debug|Any CPU
		{CB454AB0-8E73-4FC4-8FED-8E0F75D84EAD}.Release|Any CPU.ActiveCfg = Release|Any CPU
		{CB454AB0-8E73-4FC4-8FED-8E0F75D84EAD}.Release|Any CPU.Build.0 = Release|Any CPU
		{CB454AB0-8E73-4FC4-8FED-8E0F75D84EAD}.Release|x64.ActiveCfg = Release|Any CPU
		{CB454AB0-8E73-4FC4-8FED-8E0F75D84EAD}.Release|x64.Build.0 = Release|Any CPU
		{CB454AB0-8E73-4FC4-8FED-8E0F75D84EAD}.Release|x86.ActiveCfg = Release|Any CPU
		{CB454AB0-8E73-4FC4-8FED-8E0F75D84EAD}.Release|x86.Build.0 = Release|Any CPU
		{DC9E4B8D-F69D-43F5-A2E6-F115341F88D9}.Debug|Any CPU.ActiveCfg = Debug|Any CPU
		{DC9E4B8D-F69D-43F5-A2E6-F115341F88D9}.Debug|Any CPU.Build.0 = Debug|Any CPU
		{DC9E4B8D-F69D-43F5-A2E6-F115341F88D9}.Debug|x64.ActiveCfg = Debug|Any CPU
		{DC9E4B8D-F69D-43F5-A2E6-F115341F88D9}.Debug|x64.Build.0 = Debug|Any CPU
		{DC9E4B8D-F69D-43F5-A2E6-F115341F88D9}.Debug|x86.ActiveCfg = Debug|Any CPU
		{DC9E4B8D-F69D-43F5-A2E6-F115341F88D9}.Debug|x86.Build.0 = Debug|Any CPU
		{DC9E4B8D-F69D-43F5-A2E6-F115341F88D9}.Release|Any CPU.ActiveCfg = Release|Any CPU
		{DC9E4B8D-F69D-43F5-A2E6-F115341F88D9}.Release|Any CPU.Build.0 = Release|Any CPU
		{DC9E4B8D-F69D-43F5-A2E6-F115341F88D9}.Release|x64.ActiveCfg = Release|Any CPU
		{DC9E4B8D-F69D-43F5-A2E6-F115341F88D9}.Release|x64.Build.0 = Release|Any CPU
		{DC9E4B8D-F69D-43F5-A2E6-F115341F88D9}.Release|x86.ActiveCfg = Release|Any CPU
		{DC9E4B8D-F69D-43F5-A2E6-F115341F88D9}.Release|x86.Build.0 = Release|Any CPU
	EndGlobalSection
	GlobalSection(SolutionProperties) = preSolution
		HideSolutionNode = FALSE
	EndGlobalSection
EndGlobal
